
Microsoft Visual Studio Solution File, Format Version 12.00
# Visual Studio Version 17
VisualStudioVersion = 17.2.32616.157
MinimumVisualStudioVersion = 10.0.40219.1
Project("{FAE04EC0-301F-11D3-BF4B-00C04F79EFBC}") = "FeedME", "FeedME.csproj", "{324DDF19-34C4-4EE3-B977-CEC14C4748AA}"
EndProject
Global
	GlobalSection(SolutionConfigurationPlatforms) = preSolution
		Debug|Any CPU = Debug|Any CPU
		Release|Any CPU = Release|Any CPU
	EndGlobalSection
	GlobalSection(ProjectConfigurationPlatforms) = postSolution
		{324DDF19-34C4-4EE3-B977-CEC14C4748AA}.Debug|Any CPU.ActiveCfg = Debug|Any CPU
		{324DDF19-34C4-4EE3-B977-CEC14C4748AA}.Debug|Any CPU.Build.0 = Debug|Any CPU
		{324DDF19-34C4-4EE3-B977-CEC14C4748AA}.Release|Any CPU.ActiveCfg = Release|Any CPU
		{324DDF19-34C4-4EE3-B977-CEC14C4748AA}.Release|Any CPU.Build.0 = Release|Any CPU
	EndGlobalSection
	GlobalSection(SolutionProperties) = preSolution
		HideSolutionNode = FALSE
	EndGlobalSection
	GlobalSection(ExtensibilityGlobals) = postSolution
		SolutionGuid = {A46E50E0-91B1-405C-98D1-8A83598CFD26}
	EndGlobalSection
EndGlobal
